
Microsoft Visual Studio Solution File, Format Version 12.00
# Visual Studio Version 17
VisualStudioVersion = 17.0.32002.185
MinimumVisualStudioVersion = 10.0.40219.1
Project("{FAE04EC0-301F-11D3-BF4B-00C04F79EFBC}") = "ПрР1_Арефьева", "ПрР1_Арефьева\ПрР1_Арефьева.csproj", "{0C4AAA14-55EB-461F-B852-742147D3BB19}"
EndProject
Project("{FAE04EC0-301F-11D3-BF4B-00C04F79EFBC}") = "UnitTestProject", "UnitTestProject\UnitTestProject.csproj", "{CBA32196-A8AD-426C-AB0A-AB42CE443C8B}"
EndProject
Global
	GlobalSection(SolutionConfigurationPlatforms) = preSolution
		Debug|Any CPU = Debug|Any CPU
		Release|Any CPU = Release|Any CPU
	EndGlobalSection
	GlobalSection(ProjectConfigurationPlatforms) = postSolution
		{0C4AAA14-55EB-461F-B852-742147D3BB19}.Debug|Any CPU.ActiveCfg = Debug|Any CPU
		{0C4AAA14-55EB-461F-B852-742147D3BB19}.Debug|Any CPU.Build.0 = Debug|Any CPU
		{0C4AAA14-55EB-461F-B852-742147D3BB19}.Release|Any CPU.ActiveCfg = Release|Any CPU
		{0C4AAA14-55EB-461F-B852-742147D3BB19}.Release|Any CPU.Build.0 = Release|Any CPU
		{CBA32196-A8AD-426C-AB0A-AB42CE443C8B}.Debug|Any CPU.ActiveCfg = Debug|Any CPU
		{CBA32196-A8AD-426C-AB0A-AB42CE443C8B}.Debug|Any CPU.Build.0 = Debug|Any CPU
		{CBA32196-A8AD-426C-AB0A-AB42CE443C8B}.Release|Any CPU.ActiveCfg = Release|Any CPU
		{CBA32196-A8AD-426C-AB0A-AB42CE443C8B}.Release|Any CPU.Build.0 = Release|Any CPU
	EndGlobalSection
	GlobalSection(SolutionProperties) = preSolution
		HideSolutionNode = FALSE
	EndGlobalSection
	GlobalSection(ExtensibilityGlobals) = postSolution
		SolutionGuid = {756EB148-7DD6-47A0-9204-C2E63C240EE2}
	EndGlobalSection
EndGlobal
